
Microsoft Visual Studio Solution File, Format Version 12.00
# Visual Studio Version 17
VisualStudioVersion = 17.8.34330.188
MinimumVisualStudioVersion = 10.0.40219.1
Project("{FAE04EC0-301F-11D3-BF4B-00C04F79EFBC}") = "ClaseFraccion", "ClaseFraccion\ClaseFraccion.csproj", "{ABC22541-F3CF-41F1-8CAF-F811DE121D1F}"
EndProject
Global
	GlobalSection(SolutionConfigurationPlatforms) = preSolution
		Debug|Any CPU = Debug|Any CPU
		Release|Any CPU = Release|Any CPU
	EndGlobalSection
	GlobalSection(ProjectConfigurationPlatforms) = postSolution
		{ABC22541-F3CF-41F1-8CAF-F811DE121D1F}.Debug|Any CPU.ActiveCfg = Debug|Any CPU
		{ABC22541-F3CF-41F1-8CAF-F811DE121D1F}.Debug|Any CPU.Build.0 = Debug|Any CPU
		{ABC22541-F3CF-41F1-8CAF-F811DE121D1F}.Release|Any CPU.ActiveCfg = Release|Any CPU
		{ABC22541-F3CF-41F1-8CAF-F811DE121D1F}.Release|Any CPU.Build.0 = Release|Any CPU
	EndGlobalSection
	GlobalSection(SolutionProperties) = preSolution
		HideSolutionNode = FALSE
	EndGlobalSection
	GlobalSection(ExtensibilityGlobals) = postSolution
		SolutionGuid = {522C9E2C-1D7B-4C55-AD28-7152B182B305}
	EndGlobalSection
EndGlobal
