
Microsoft Visual Studio Solution File, Format Version 12.00
# Visual Studio Version 17
VisualStudioVersion = 17.8.34330.188
MinimumVisualStudioVersion = 10.0.40219.1
Project("{FAE04EC0-301F-11D3-BF4B-00C04F79EFBC}") = "ClaseLibro", "ClaseLibro\ClaseLibro.csproj", "{EBA3E23C-53D0-469C-BF17-CD9AA5E77978}"
EndProject
Global
	GlobalSection(SolutionConfigurationPlatforms) = preSolution
		Debug|Any CPU = Debug|Any CPU
		Release|Any CPU = Release|Any CPU
	EndGlobalSection
	GlobalSection(ProjectConfigurationPlatforms) = postSolution
		{EBA3E23C-53D0-469C-BF17-CD9AA5E77978}.Debug|Any CPU.ActiveCfg = Debug|Any CPU
		{EBA3E23C-53D0-469C-BF17-CD9AA5E77978}.Debug|Any CPU.Build.0 = Debug|Any CPU
		{EBA3E23C-53D0-469C-BF17-CD9AA5E77978}.Release|Any CPU.ActiveCfg = Release|Any CPU
		{EBA3E23C-53D0-469C-BF17-CD9AA5E77978}.Release|Any CPU.Build.0 = Release|Any CPU
	EndGlobalSection
	GlobalSection(SolutionProperties) = preSolution
		HideSolutionNode = FALSE
	EndGlobalSection
	GlobalSection(ExtensibilityGlobals) = postSolution
		SolutionGuid = {4238840A-EFA2-47FE-9A9F-06DBF83AEDB0}
	EndGlobalSection
EndGlobal
